
Microsoft Visual Studio Solution File, Format Version 12.00
# Visual Studio Version 17
VisualStudioVersion = 17.7.34031.279
MinimumVisualStudioVersion = 10.0.40219.1
Project("{FAE04EC0-301F-11D3-BF4B-00C04F79EFBC}") = "C# Mod Downloader", "C# Mod Downloader.csproj", "{F83396D4-E79E-495E-94A8-F952D22E7D3A}"
EndProject
Global
	GlobalSection(SolutionConfigurationPlatforms) = preSolution
		Debug|Any CPU = Debug|Any CPU
		Release|Any CPU = Release|Any CPU
	EndGlobalSection
	GlobalSection(ProjectConfigurationPlatforms) = postSolution
		{F83396D4-E79E-495E-94A8-F952D22E7D3A}.Debug|Any CPU.ActiveCfg = Debug|Any CPU
		{F83396D4-E79E-495E-94A8-F952D22E7D3A}.Debug|Any CPU.Build.0 = Debug|Any CPU
		{F83396D4-E79E-495E-94A8-F952D22E7D3A}.Release|Any CPU.ActiveCfg = Release|Any CPU
		{F83396D4-E79E-495E-94A8-F952D22E7D3A}.Release|Any CPU.Build.0 = Release|Any CPU
	EndGlobalSection
	GlobalSection(SolutionProperties) = preSolution
		HideSolutionNode = FALSE
	EndGlobalSection
	GlobalSection(ExtensibilityGlobals) = postSolution
		SolutionGuid = {D7AD5B41-3279-4D4D-B20A-B2E2D95459F5}
	EndGlobalSection
EndGlobal
